{
  "originHash" : "599575ee4b3317e918a10e3cd1c0df7b3f02eaa01a9c1e8b063f464754953676",
  "pins" : [
    {
      "identity" : "compactslider",
      "kind" : "remoteSourceControl",
      "location" : "https://github.com/buh/CompactSlider",
      "state" : {
        "revision" : "52a01bd09156152881c53ba235c862e3bf5690b1",
        "version" : "2.1.0"
      }
    },
    {
      "identity" : "swift-concurrency-extras",
      "kind" : "remoteSourceControl",
      "location" : "https://github.com/pointfreeco/swift-concurrency-extras",
      "state" : {
        "revision" : "5fa253428866f2360c3754e88537f700ed2656b5",
        "version" : "1.4.1"
      }
    },
    {
      "identity" : "swiftui-math",
      "kind" : "remoteSourceControl",
      "location" : "https://github.com/gonzalezreal/swiftui-math",
      "state" : {
        "revision" : "0b5c2cfaaec8d6193db206f675048eeb5ce95f71",
        "version" : "0.1.0"
      }
    },
    {
      "identity" : "textual",
      "kind" : "remoteSourceControl",
      "location" : "https://github.com/taikun114/textual",
      "state" : {
        "revision" : "1c8f841ac7d52af7f87bb5cf676e64584fac4d5a",
        "version" : "1.1.2"
      }
    },
    {
      "identity" : "universalsfsymbolspicker",
      "kind" : "remoteSourceControl",
      "location" : "https://github.com/taikun114/UniversalSFSymbolsPicker",
      "state" : {
        "revision" : "42ae3e33c78fd2ed78b9647bcf34df09b3699a7c",
        "version" : "1.1.1"
      }
    }
  ],
  "version" : 3
}
