{
  "originHash" : "600b9d2cd6619530c16d0a145314619a033f682253339dcd07b2b58d2079b616",
  "pins" : [
    {
      "identity" : "compactslider",
      "kind" : "remoteSourceControl",
      "location" : "https://github.com/buh/CompactSlider",
      "state" : {
        "revision" : "52a01bd09156152881c53ba235c862e3bf5690b1",
        "version" : "2.1.0"
      }
    },
    {
      "identity" : "swift-concurrency-extras",
      "kind" : "remoteSourceControl",
      "location" : "https://github.com/pointfreeco/swift-concurrency-extras",
      "state" : {
        "revision" : "5a3825302b1a0d744183200915a47b508c828e6f",
        "version" : "1.3.2"
      }
    },
    {
      "identity" : "swiftui-math",
      "kind" : "remoteSourceControl",
      "location" : "https://github.com/gonzalezreal/swiftui-math",
      "state" : {
        "revision" : "0b5c2cfaaec8d6193db206f675048eeb5ce95f71",
        "version" : "0.1.0"
      }
    },
    {
      "identity" : "textual",
      "kind" : "remoteSourceControl",
      "location" : "https://github.com/taikun114/textual",
      "state" : {
        "revision" : "a17dafc8be3cce87d06f63fcffbc78631c387dda",
        "version" : "1.1.0"
      }
    },
    {
      "identity" : "universalsfsymbolspicker",
      "kind" : "remoteSourceControl",
      "location" : "https://github.com/taikun114/UniversalSFSymbolsPicker",
      "state" : {
        "revision" : "b929f358fbd47cd19f00299d7a87a5cf5df21887",
        "version" : "0.2.0"
      }
    }
  ],
  "version" : 3
}
