// !$*UTF8*$!
{
	archiveVersion = 1;
	classes = {
	};
	objectVersion = 77;
	objects = {

/* Begin PBXBuildFile section */
		6D66B1FF2E90186800EA3CE6 /* GlassProminentButtonStyle.swift in Sources */ = {isa = PBXBuildFile; fileRef = 6D66B1CA2E90186800EA3CE6 /* GlassProminentButtonStyle.swift */; };
		6D66B2002E90186800EA3CE6 /* MarqueeText.swift in Sources */ = {isa = PBXBuildFile; fileRef = 6D66B1CB2E90186800EA3CE6 /* MarqueeText.swift */; };
		6D66B2012E90186800EA3CE6 /* NavSubtitleIfAvailable.swift in Sources */ = {isa = PBXBuildFile; fileRef = 6D66B1CC2E90186800EA3CE6 /* NavSubtitleIfAvailable.swift */; };
		6D66B2022E90186800EA3CE6 /* SoftEdgeIfAvailable.swift in Sources */ = {isa = PBXBuildFile; fileRef = 6D66B1CD2E90186800EA3CE6 /* SoftEdgeIfAvailable.swift */; };
		6D66B2032E90186800EA3CE6 /* VisualEffectView.swift in Sources */ = {isa = PBXBuildFile; fileRef = 6D66B1CE2E90186800EA3CE6 /* VisualEffectView.swift */; };
		6D66B2042E90186800EA3CE6 /* APITimeoutManager.swift in Sources */ = {isa = PBXBuildFile; fileRef = 6D66B1D02E90186800EA3CE6 /* APITimeoutManager.swift */; };
		6D66B2052E90186800EA3CE6 /* CommandExecutor.swift in Sources */ = {isa = PBXBuildFile; fileRef = 6D66B1D12E90186800EA3CE6 /* CommandExecutor.swift */; };
		6D66B2062E90186800EA3CE6 /* ServerManager.swift in Sources */ = {isa = PBXBuildFile; fileRef = 6D66B1D22E90186800EA3CE6 /* ServerManager.swift */; };
		6D66B2072E90186800EA3CE6 /* OllamaChat.swift in Sources */ = {isa = PBXBuildFile; fileRef = 6D66B1D42E90186800EA3CE6 /* OllamaChat.swift */; };
		6D66B2082E90186800EA3CE6 /* OllamaModel.swift in Sources */ = {isa = PBXBuildFile; fileRef = 6D66B1D52E90186800EA3CE6 /* OllamaModel.swift */; };
		6D66B2092E90186800EA3CE6 /* ServerInfo.swift in Sources */ = {isa = PBXBuildFile; fileRef = 6D66B1D62E90186800EA3CE6 /* ServerInfo.swift */; };
		6D66B20A2E90186800EA3CE6 /* MocolammaApp.swift in Sources */ = {isa = PBXBuildFile; fileRef = 6D66B1DF2E90186800EA3CE6 /* MocolammaApp.swift */; };
		6D66B20B2E90186800EA3CE6 /* RefreshTrigger.swift in Sources */ = {isa = PBXBuildFile; fileRef = 6D66B1E12E90186800EA3CE6 /* RefreshTrigger.swift */; };
		6D66B20C2E90186800EA3CE6 /* VisionOSDetection.swift in Sources */ = {isa = PBXBuildFile; fileRef = 6D66B1E22E90186800EA3CE6 /* VisionOSDetection.swift */; };
		6D66B20D2E90186800EA3CE6 /* AboutView.swift in Sources */ = {isa = PBXBuildFile; fileRef = 6D66B1E42E90186800EA3CE6 /* AboutView.swift */; };
		6D66B20E2E90186800EA3CE6 /* AddModelsSheet.swift in Sources */ = {isa = PBXBuildFile; fileRef = 6D66B1E52E90186800EA3CE6 /* AddModelsSheet.swift */; };
		6D66B20F2E90186800EA3CE6 /* ChatInputView.swift in Sources */ = {isa = PBXBuildFile; fileRef = 6D66B1E62E90186800EA3CE6 /* ChatInputView.swift */; };
		6D66B2102E90186800EA3CE6 /* ChatMessagesView.swift in Sources */ = {isa = PBXBuildFile; fileRef = 6D66B1E72E90186800EA3CE6 /* ChatMessagesView.swift */; };
		6D66B2112E90186800EA3CE6 /* ChatView.swift in Sources */ = {isa = PBXBuildFile; fileRef = 6D66B1E82E90186800EA3CE6 /* ChatView.swift */; };
		6D66B2122E90186800EA3CE6 /* ContentView.swift in Sources */ = {isa = PBXBuildFile; fileRef = 6D66B1E92E90186800EA3CE6 /* ContentView.swift */; };
		6D66B2132E90186800EA3CE6 /* InspectorContentView.swift in Sources */ = {isa = PBXBuildFile; fileRef = 6D66B1EA2E90186800EA3CE6 /* InspectorContentView.swift */; };
		6D66B2142E90186800EA3CE6 /* LegacyIPhoneTabView.swift in Sources */ = {isa = PBXBuildFile; fileRef = 6D66B1EB2E90186800EA3CE6 /* LegacyIPhoneTabView.swift */; };
		6D66B2152E90186800EA3CE6 /* LicenseInfoModalView.swift in Sources */ = {isa = PBXBuildFile; fileRef = 6D66B1EC2E90186800EA3CE6 /* LicenseInfoModalView.swift */; };
		6D66B2162E90186800EA3CE6 /* LicenseTextView.swift in Sources */ = {isa = PBXBuildFile; fileRef = 6D66B1ED2E90186800EA3CE6 /* LicenseTextView.swift */; };
		6D66B2172E90186800EA3CE6 /* MainContentDetailView.swift in Sources */ = {isa = PBXBuildFile; fileRef = 6D66B1EE2E90186800EA3CE6 /* MainContentDetailView.swift */; };
		6D66B2182E90186800EA3CE6 /* MainNavigationView.swift in Sources */ = {isa = PBXBuildFile; fileRef = 6D66B1EF2E90186800EA3CE6 /* MainNavigationView.swift */; };
		6D66B2192E90186800EA3CE6 /* MainTabView.swift in Sources */ = {isa = PBXBuildFile; fileRef = 6D66B1F02E90186800EA3CE6 /* MainTabView.swift */; };
		6D66B21A2E90186800EA3CE6 /* MessageInputView.swift in Sources */ = {isa = PBXBuildFile; fileRef = 6D66B1F12E90186800EA3CE6 /* MessageInputView.swift */; };
		6D66B21B2E90186800EA3CE6 /* MessageView.swift in Sources */ = {isa = PBXBuildFile; fileRef = 6D66B1F22E90186800EA3CE6 /* MessageView.swift */; };
		6D66B21C2E90186800EA3CE6 /* ModelInspectorDetailView.swift in Sources */ = {isa = PBXBuildFile; fileRef = 6D66B1F32E90186800EA3CE6 /* ModelInspectorDetailView.swift */; };
		6D66B21D2E90186800EA3CE6 /* ModelInspectorView.swift in Sources */ = {isa = PBXBuildFile; fileRef = 6D66B1F42E90186800EA3CE6 /* ModelInspectorView.swift */; };
		6D66B21E2E90186800EA3CE6 /* ModelListView.swift in Sources */ = {isa = PBXBuildFile; fileRef = 6D66B1F52E90186800EA3CE6 /* ModelListView.swift */; };
		6D66B21F2E90186800EA3CE6 /* RunningModelsCountView.swift in Sources */ = {isa = PBXBuildFile; fileRef = 6D66B1F62E90186800EA3CE6 /* RunningModelsCountView.swift */; };
		6D66B2202E90186800EA3CE6 /* ServerFormView.swift in Sources */ = {isa = PBXBuildFile; fileRef = 6D66B1F72E90186800EA3CE6 /* ServerFormView.swift */; };
		6D66B2212E90186800EA3CE6 /* ServerInspectorDetailView.swift in Sources */ = {isa = PBXBuildFile; fileRef = 6D66B1F82E90186800EA3CE6 /* ServerInspectorDetailView.swift */; };
		6D66B2222E90186800EA3CE6 /* ServerInspectorView.swift in Sources */ = {isa = PBXBuildFile; fileRef = 6D66B1F92E90186800EA3CE6 /* ServerInspectorView.swift */; };
		6D66B2232E90186800EA3CE6 /* ServerRowView.swift in Sources */ = {isa = PBXBuildFile; fileRef = 6D66B1FA2E90186800EA3CE6 /* ServerRowView.swift */; };
		6D66B2242E90186800EA3CE6 /* ServerView.swift in Sources */ = {isa = PBXBuildFile; fileRef = 6D66B1FB2E90186800EA3CE6 /* ServerView.swift */; };
		6D66B2252E90186800EA3CE6 /* SettingsView.swift in Sources */ = {isa = PBXBuildFile; fileRef = 6D66B1FC2E90186800EA3CE6 /* SettingsView.swift */; };
		6D66B2262E90186800EA3CE6 /* AppIcon.icon in Resources */ = {isa = PBXBuildFile; fileRef = 6D66B1D82E90186800EA3CE6 /* AppIcon.icon */; };
		6D66B2272E90186800EA3CE6 /* Assets.xcassets in Resources */ = {isa = PBXBuildFile; fileRef = 6D66B1D92E90186800EA3CE6 /* Assets.xcassets */; };
		6D66B2282E90186800EA3CE6 /* Localizable.xcstrings in Resources */ = {isa = PBXBuildFile; fileRef = 6D66B1DA2E90186800EA3CE6 /* Localizable.xcstrings */; };
		6D66B22A2E90186800EA3CE6 /* LaunchScreen.storyboard in Resources */ = {isa = PBXBuildFile; fileRef = 6D66B1DD2E90186800EA3CE6 /* LaunchScreen.storyboard */; platformFilter = ios; };
		6D6AF25D2E37C253008E569D /* MarkdownUI in Frameworks */ = {isa = PBXBuildFile; productRef = 6D6AF25C2E37C253008E569D /* MarkdownUI */; };
		6D7D84A12E3B68FA006EDB4D /* CompactSlider in Frameworks */ = {isa = PBXBuildFile; productRef = 6D7D84A02E3B68FA006EDB4D /* CompactSlider */; };
		6DD8D3062E92A29B00BA273F /* InfoPlist.strings in Resources */ = {isa = PBXBuildFile; fileRef = 6DD8D3042E92A29B00BA273F /* InfoPlist.strings */; };
/* End PBXBuildFile section */

/* Begin PBXContainerItemProxy section */
		6DC81A412E3236B4005F2E03 /* PBXContainerItemProxy */ = {
			isa = PBXContainerItemProxy;
			containerPortal = 6DC81A2A2E3236B3005F2E03 /* Project object */;
			proxyType = 1;
			remoteGlobalIDString = 6DC81A312E3236B3005F2E03;
			remoteInfo = Mocolamma;
		};
		6DC81A4B2E3236B4005F2E03 /* PBXContainerItemProxy */ = {
			isa = PBXContainerItemProxy;
			containerPortal = 6DC81A2A2E3236B3005F2E03 /* Project object */;
			proxyType = 1;
			remoteGlobalIDString = 6DC81A312E3236B3005F2E03;
			remoteInfo = Mocolamma;
		};
/* End PBXContainerItemProxy section */

/* Begin PBXFileReference section */
		6D66B1CA2E90186800EA3CE6 /* GlassProminentButtonStyle.swift */ = {isa = PBXFileReference; lastKnownFileType = sourcecode.swift; path = GlassProminentButtonStyle.swift; sourceTree = "<group>"; };
		6D66B1CB2E90186800EA3CE6 /* MarqueeText.swift */ = {isa = PBXFileReference; lastKnownFileType = sourcecode.swift; path = MarqueeText.swift; sourceTree = "<group>"; };
		6D66B1CC2E90186800EA3CE6 /* NavSubtitleIfAvailable.swift */ = {isa = PBXFileReference; lastKnownFileType = sourcecode.swift; path = NavSubtitleIfAvailable.swift; sourceTree = "<group>"; };
		6D66B1CD2E90186800EA3CE6 /* SoftEdgeIfAvailable.swift */ = {isa = PBXFileReference; lastKnownFileType = sourcecode.swift; path = SoftEdgeIfAvailable.swift; sourceTree = "<group>"; };
		6D66B1CE2E90186800EA3CE6 /* VisualEffectView.swift */ = {isa = PBXFileReference; lastKnownFileType = sourcecode.swift; path = VisualEffectView.swift; sourceTree = "<group>"; };
		6D66B1D02E90186800EA3CE6 /* APITimeoutManager.swift */ = {isa = PBXFileReference; lastKnownFileType = sourcecode.swift; path = APITimeoutManager.swift; sourceTree = "<group>"; };
		6D66B1D12E90186800EA3CE6 /* CommandExecutor.swift */ = {isa = PBXFileReference; lastKnownFileType = sourcecode.swift; path = CommandExecutor.swift; sourceTree = "<group>"; };
		6D66B1D22E90186800EA3CE6 /* ServerManager.swift */ = {isa = PBXFileReference; lastKnownFileType = sourcecode.swift; path = ServerManager.swift; sourceTree = "<group>"; };
		6D66B1D42E90186800EA3CE6 /* OllamaChat.swift */ = {isa = PBXFileReference; lastKnownFileType = sourcecode.swift; path = OllamaChat.swift; sourceTree = "<group>"; };
		6D66B1D52E90186800EA3CE6 /* OllamaModel.swift */ = {isa = PBXFileReference; lastKnownFileType = sourcecode.swift; path = OllamaModel.swift; sourceTree = "<group>"; };
		6D66B1D62E90186800EA3CE6 /* ServerInfo.swift */ = {isa = PBXFileReference; lastKnownFileType = sourcecode.swift; path = ServerInfo.swift; sourceTree = "<group>"; };
		6D66B1D82E90186800EA3CE6 /* AppIcon.icon */ = {isa = PBXFileReference; lastKnownFileType = folder.iconcomposer.icon; path = AppIcon.icon; sourceTree = "<group>"; };
		6D66B1D92E90186800EA3CE6 /* Assets.xcassets */ = {isa = PBXFileReference; lastKnownFileType = folder.assetcatalog; path = Assets.xcassets; sourceTree = "<group>"; };
		6D66B1DA2E90186800EA3CE6 /* Localizable.xcstrings */ = {isa = PBXFileReference; lastKnownFileType = text.json.xcstrings; path = Localizable.xcstrings; sourceTree = "<group>"; };
		6D66B1DC2E90186800EA3CE6 /* Info.plist */ = {isa = PBXFileReference; lastKnownFileType = text.plist.xml; path = Info.plist; sourceTree = "<group>"; };
		6D66B1DD2E90186800EA3CE6 /* LaunchScreen.storyboard */ = {isa = PBXFileReference; lastKnownFileType = file.storyboard; path = LaunchScreen.storyboard; sourceTree = "<group>"; };
		6D66B1DE2E90186800EA3CE6 /* Mocolamma.entitlements */ = {isa = PBXFileReference; lastKnownFileType = text.plist.entitlements; path = Mocolamma.entitlements; sourceTree = "<group>"; };
		6D66B1DF2E90186800EA3CE6 /* MocolammaApp.swift */ = {isa = PBXFileReference; lastKnownFileType = sourcecode.swift; path = MocolammaApp.swift; sourceTree = "<group>"; };
		6D66B1E12E90186800EA3CE6 /* RefreshTrigger.swift */ = {isa = PBXFileReference; lastKnownFileType = sourcecode.swift; path = RefreshTrigger.swift; sourceTree = "<group>"; };
		6D66B1E22E90186800EA3CE6 /* VisionOSDetection.swift */ = {isa = PBXFileReference; lastKnownFileType = sourcecode.swift; path = VisionOSDetection.swift; sourceTree = "<group>"; };
		6D66B1E42E90186800EA3CE6 /* AboutView.swift */ = {isa = PBXFileReference; lastKnownFileType = sourcecode.swift; path = AboutView.swift; sourceTree = "<group>"; };
		6D66B1E52E90186800EA3CE6 /* AddModelsSheet.swift */ = {isa = PBXFileReference; lastKnownFileType = sourcecode.swift; path = AddModelsSheet.swift; sourceTree = "<group>"; };
		6D66B1E62E90186800EA3CE6 /* ChatInputView.swift */ = {isa = PBXFileReference; lastKnownFileType = sourcecode.swift; path = ChatInputView.swift; sourceTree = "<group>"; };
		6D66B1E72E90186800EA3CE6 /* ChatMessagesView.swift */ = {isa = PBXFileReference; lastKnownFileType = sourcecode.swift; path = ChatMessagesView.swift; sourceTree = "<group>"; };
		6D66B1E82E90186800EA3CE6 /* ChatView.swift */ = {isa = PBXFileReference; lastKnownFileType = sourcecode.swift; path = ChatView.swift; sourceTree = "<group>"; };
		6D66B1E92E90186800EA3CE6 /* ContentView.swift */ = {isa = PBXFileReference; lastKnownFileType = sourcecode.swift; path = ContentView.swift; sourceTree = "<group>"; };
		6D66B1EA2E90186800EA3CE6 /* InspectorContentView.swift */ = {isa = PBXFileReference; lastKnownFileType = sourcecode.swift; path = InspectorContentView.swift; sourceTree = "<group>"; };
		6D66B1EB2E90186800EA3CE6 /* LegacyIPhoneTabView.swift */ = {isa = PBXFileReference; lastKnownFileType = sourcecode.swift; path = LegacyIPhoneTabView.swift; sourceTree = "<group>"; };
		6D66B1EC2E90186800EA3CE6 /* LicenseInfoModalView.swift */ = {isa = PBXFileReference; lastKnownFileType = sourcecode.swift; path = LicenseInfoModalView.swift; sourceTree = "<group>"; };
		6D66B1ED2E90186800EA3CE6 /* LicenseTextView.swift */ = {isa = PBXFileReference; lastKnownFileType = sourcecode.swift; path = LicenseTextView.swift; sourceTree = "<group>"; };
		6D66B1EE2E90186800EA3CE6 /* MainContentDetailView.swift */ = {isa = PBXFileReference; lastKnownFileType = sourcecode.swift; path = MainContentDetailView.swift; sourceTree = "<group>"; };
		6D66B1EF2E90186800EA3CE6 /* MainNavigationView.swift */ = {isa = PBXFileReference; lastKnownFileType = sourcecode.swift; path = MainNavigationView.swift; sourceTree = "<group>"; };
		6D66B1F02E90186800EA3CE6 /* MainTabView.swift */ = {isa = PBXFileReference; lastKnownFileType = sourcecode.swift; path = MainTabView.swift; sourceTree = "<group>"; };
		6D66B1F12E90186800EA3CE6 /* MessageInputView.swift */ = {isa = PBXFileReference; lastKnownFileType = sourcecode.swift; path = MessageInputView.swift; sourceTree = "<group>"; };
		6D66B1F22E90186800EA3CE6 /* MessageView.swift */ = {isa = PBXFileReference; lastKnownFileType = sourcecode.swift; path = MessageView.swift; sourceTree = "<group>"; };
		6D66B1F32E90186800EA3CE6 /* ModelInspectorDetailView.swift */ = {isa = PBXFileReference; lastKnownFileType = sourcecode.swift; path = ModelInspectorDetailView.swift; sourceTree = "<group>"; };
		6D66B1F42E90186800EA3CE6 /* ModelInspectorView.swift */ = {isa = PBXFileReference; lastKnownFileType = sourcecode.swift; path = ModelInspectorView.swift; sourceTree = "<group>"; };
		6D66B1F52E90186800EA3CE6 /* ModelListView.swift */ = {isa = PBXFileReference; lastKnownFileType = sourcecode.swift; path = ModelListView.swift; sourceTree = "<group>"; };
		6D66B1F62E90186800EA3CE6 /* RunningModelsCountView.swift */ = {isa = PBXFileReference; lastKnownFileType = sourcecode.swift; path = RunningModelsCountView.swift; sourceTree = "<group>"; };
		6D66B1F72E90186800EA3CE6 /* ServerFormView.swift */ = {isa = PBXFileReference; lastKnownFileType = sourcecode.swift; path = ServerFormView.swift; sourceTree = "<group>"; };
		6D66B1F82E90186800EA3CE6 /* ServerInspectorDetailView.swift */ = {isa = PBXFileReference; lastKnownFileType = sourcecode.swift; path = ServerInspectorDetailView.swift; sourceTree = "<group>"; };
		6D66B1F92E90186800EA3CE6 /* ServerInspectorView.swift */ = {isa = PBXFileReference; lastKnownFileType = sourcecode.swift; path = ServerInspectorView.swift; sourceTree = "<group>"; };
		6D66B1FA2E90186800EA3CE6 /* ServerRowView.swift */ = {isa = PBXFileReference; lastKnownFileType = sourcecode.swift; path = ServerRowView.swift; sourceTree = "<group>"; };
		6D66B1FB2E90186800EA3CE6 /* ServerView.swift */ = {isa = PBXFileReference; lastKnownFileType = sourcecode.swift; path = ServerView.swift; sourceTree = "<group>"; };
		6D66B1FC2E90186800EA3CE6 /* SettingsView.swift */ = {isa = PBXFileReference; lastKnownFileType = sourcecode.swift; path = SettingsView.swift; sourceTree = "<group>"; };
		6DC81A322E3236B3005F2E03 /* Mocolamma.app */ = {isa = PBXFileReference; explicitFileType = wrapper.application; includeInIndex = 0; path = Mocolamma.app; sourceTree = BUILT_PRODUCTS_DIR; };
		6DC81A402E3236B4005F2E03 /* MocolammaTests.xctest */ = {isa = PBXFileReference; explicitFileType = wrapper.cfbundle; includeInIndex = 0; path = MocolammaTests.xctest; sourceTree = BUILT_PRODUCTS_DIR; };
		6DC81A4A2E3236B4005F2E03 /* MocolammaUITests.xctest */ = {isa = PBXFileReference; explicitFileType = wrapper.cfbundle; includeInIndex = 0; path = MocolammaUITests.xctest; sourceTree = BUILT_PRODUCTS_DIR; };
		6DD8D3052E92A29B00BA273F /* en */ = {isa = PBXFileReference; lastKnownFileType = text.plist.strings; name = en; path = en.lproj/InfoPlist.strings; sourceTree = "<group>"; };
		6DD8D3072E92A2BB00BA273F /* ja */ = {isa = PBXFileReference; lastKnownFileType = text.plist.strings; name = ja; path = ja.lproj/InfoPlist.strings; sourceTree = "<group>"; };
/* End PBXFileReference section */

/* Begin PBXFileSystemSynchronizedRootGroup section */
		6DC81A432E3236B4005F2E03 /* MocolammaTests */ = {
			isa = PBXFileSystemSynchronizedRootGroup;
			path = MocolammaTests;
			sourceTree = "<group>";
		};
		6DC81A4D2E3236B4005F2E03 /* MocolammaUITests */ = {
			isa = PBXFileSystemSynchronizedRootGroup;
			path = MocolammaUITests;
			sourceTree = "<group>";
		};
/* End PBXFileSystemSynchronizedRootGroup section */

/* Begin PBXFrameworksBuildPhase section */
		6DC81A2F2E3236B3005F2E03 /* Frameworks */ = {
			isa = PBXFrameworksBuildPhase;
			buildActionMask = 2147483647;
			files = (
				6D6AF25D2E37C253008E569D /* MarkdownUI in Frameworks */,
				6D7D84A12E3B68FA006EDB4D /* CompactSlider in Frameworks */,
			);
			runOnlyForDeploymentPostprocessing = 0;
		};
		6DC81A3D2E3236B4005F2E03 /* Frameworks */ = {
			isa = PBXFrameworksBuildPhase;
			buildActionMask = 2147483647;
			files = (
			);
			runOnlyForDeploymentPostprocessing = 0;
		};
		6DC81A472E3236B4005F2E03 /* Frameworks */ = {
			isa = PBXFrameworksBuildPhase;
			buildActionMask = 2147483647;
			files = (
			);
			runOnlyForDeploymentPostprocessing = 0;
		};
/* End PBXFrameworksBuildPhase section */

/* Begin PBXGroup section */
		6D66B1CF2E90186800EA3CE6 /* Components */ = {
			isa = PBXGroup;
			children = (
				6D66B1CA2E90186800EA3CE6 /* GlassProminentButtonStyle.swift */,
				6D66B1CB2E90186800EA3CE6 /* MarqueeText.swift */,
				6D66B1CC2E90186800EA3CE6 /* NavSubtitleIfAvailable.swift */,
				6D66B1CD2E90186800EA3CE6 /* SoftEdgeIfAvailable.swift */,
				6D66B1CE2E90186800EA3CE6 /* VisualEffectView.swift */,
			);
			path = Components;
			sourceTree = "<group>";
		};
		6D66B1D32E90186800EA3CE6 /* Managers */ = {
			isa = PBXGroup;
			children = (
				6D66B1D02E90186800EA3CE6 /* APITimeoutManager.swift */,
				6D66B1D12E90186800EA3CE6 /* CommandExecutor.swift */,
				6D66B1D22E90186800EA3CE6 /* ServerManager.swift */,
			);
			path = Managers;
			sourceTree = "<group>";
		};
		6D66B1D72E90186800EA3CE6 /* Models */ = {
			isa = PBXGroup;
			children = (
				6D66B1D42E90186800EA3CE6 /* OllamaChat.swift */,
				6D66B1D52E90186800EA3CE6 /* OllamaModel.swift */,
				6D66B1D62E90186800EA3CE6 /* ServerInfo.swift */,
			);
			path = Models;
			sourceTree = "<group>";
		};
		6D66B1DB2E90186800EA3CE6 /* Resources */ = {
			isa = PBXGroup;
			children = (
				6D66B1D82E90186800EA3CE6 /* AppIcon.icon */,
				6D66B1D92E90186800EA3CE6 /* Assets.xcassets */,
				6D66B1DA2E90186800EA3CE6 /* Localizable.xcstrings */,
				6DD8D3042E92A29B00BA273F /* InfoPlist.strings */,
			);
			path = Resources;
			sourceTree = "<group>";
		};
		6D66B1E02E90186800EA3CE6 /* Supporting Files */ = {
			isa = PBXGroup;
			children = (
				6D66B1DD2E90186800EA3CE6 /* LaunchScreen.storyboard */,
				6D66B1DF2E90186800EA3CE6 /* MocolammaApp.swift */,
			);
			path = "Supporting Files";
			sourceTree = "<group>";
		};
		6D66B1E32E90186800EA3CE6 /* Utilities */ = {
			isa = PBXGroup;
			children = (
				6D66B1E12E90186800EA3CE6 /* RefreshTrigger.swift */,
				6D66B1E22E90186800EA3CE6 /* VisionOSDetection.swift */,
			);
			path = Utilities;
			sourceTree = "<group>";
		};
		6D66B1FD2E90186800EA3CE6 /* Views */ = {
			isa = PBXGroup;
			children = (
				6D66B1E42E90186800EA3CE6 /* AboutView.swift */,
				6D66B1E52E90186800EA3CE6 /* AddModelsSheet.swift */,
				6D66B1E62E90186800EA3CE6 /* ChatInputView.swift */,
				6D66B1E72E90186800EA3CE6 /* ChatMessagesView.swift */,
				6D66B1E82E90186800EA3CE6 /* ChatView.swift */,
				6D66B1E92E90186800EA3CE6 /* ContentView.swift */,
				6D66B1EA2E90186800EA3CE6 /* InspectorContentView.swift */,
				6D66B1EB2E90186800EA3CE6 /* LegacyIPhoneTabView.swift */,
				6D66B1EC2E90186800EA3CE6 /* LicenseInfoModalView.swift */,
				6D66B1ED2E90186800EA3CE6 /* LicenseTextView.swift */,
				6D66B1EE2E90186800EA3CE6 /* MainContentDetailView.swift */,
				6D66B1EF2E90186800EA3CE6 /* MainNavigationView.swift */,
				6D66B1F02E90186800EA3CE6 /* MainTabView.swift */,
				6D66B1F12E90186800EA3CE6 /* MessageInputView.swift */,
				6D66B1F22E90186800EA3CE6 /* MessageView.swift */,
				6D66B1F32E90186800EA3CE6 /* ModelInspectorDetailView.swift */,
				6D66B1F42E90186800EA3CE6 /* ModelInspectorView.swift */,
				6D66B1F52E90186800EA3CE6 /* ModelListView.swift */,
				6D66B1F62E90186800EA3CE6 /* RunningModelsCountView.swift */,
				6D66B1F72E90186800EA3CE6 /* ServerFormView.swift */,
				6D66B1F82E90186800EA3CE6 /* ServerInspectorDetailView.swift */,
				6D66B1F92E90186800EA3CE6 /* ServerInspectorView.swift */,
				6D66B1FA2E90186800EA3CE6 /* ServerRowView.swift */,
				6D66B1FB2E90186800EA3CE6 /* ServerView.swift */,
				6D66B1FC2E90186800EA3CE6 /* SettingsView.swift */,
			);
			path = Views;
			sourceTree = "<group>";
		};
		6D66B1FE2E90186800EA3CE6 /* Mocolamma */ = {
			isa = PBXGroup;
			children = (
				6D66B1CF2E90186800EA3CE6 /* Components */,
				6D66B1D32E90186800EA3CE6 /* Managers */,
				6D66B1D72E90186800EA3CE6 /* Models */,
				6D66B1DB2E90186800EA3CE6 /* Resources */,
				6D66B1E02E90186800EA3CE6 /* Supporting Files */,
				6D66B1E32E90186800EA3CE6 /* Utilities */,
				6D66B1FD2E90186800EA3CE6 /* Views */,
				6D66B1DE2E90186800EA3CE6 /* Mocolamma.entitlements */,
				6D66B1DC2E90186800EA3CE6 /* Info.plist */,
			);
			path = Mocolamma;
			sourceTree = "<group>";
		};
		6DC81A292E3236B3005F2E03 = {
			isa = PBXGroup;
			children = (
				6D66B1FE2E90186800EA3CE6 /* Mocolamma */,
				6DC81A432E3236B4005F2E03 /* MocolammaTests */,
				6DC81A4D2E3236B4005F2E03 /* MocolammaUITests */,
				6DC81A332E3236B3005F2E03 /* Products */,
			);
			sourceTree = "<group>";
		};
		6DC81A332E3236B3005F2E03 /* Products */ = {
			isa = PBXGroup;
			children = (
				6DC81A322E3236B3005F2E03 /* Mocolamma.app */,
				6DC81A402E3236B4005F2E03 /* MocolammaTests.xctest */,
				6DC81A4A2E3236B4005F2E03 /* MocolammaUITests.xctest */,
			);
			name = Products;
			sourceTree = "<group>";
		};
/* End PBXGroup section */

/* Begin PBXNativeTarget section */
		6DC81A312E3236B3005F2E03 /* Mocolamma */ = {
			isa = PBXNativeTarget;
			buildConfigurationList = 6DC81A542E3236B4005F2E03 /* Build configuration list for PBXNativeTarget "Mocolamma" */;
			buildPhases = (
				6DC81A2E2E3236B3005F2E03 /* Sources */,
				6DC81A2F2E3236B3005F2E03 /* Frameworks */,
				6DC81A302E3236B3005F2E03 /* Resources */,
			);
			buildRules = (
			);
			dependencies = (
			);
			name = Mocolamma;
			packageProductDependencies = (
				6D6AF25C2E37C253008E569D /* MarkdownUI */,
				6D7D84A02E3B68FA006EDB4D /* CompactSlider */,
			);
			productName = Mocolamma;
			productReference = 6DC81A322E3236B3005F2E03 /* Mocolamma.app */;
			productType = "com.apple.product-type.application";
		};
		6DC81A3F2E3236B4005F2E03 /* MocolammaTests */ = {
			isa = PBXNativeTarget;
			buildConfigurationList = 6DC81A572E3236B4005F2E03 /* Build configuration list for PBXNativeTarget "MocolammaTests" */;
			buildPhases = (
				6DC81A3C2E3236B4005F2E03 /* Sources */,
				6DC81A3D2E3236B4005F2E03 /* Frameworks */,
				6DC81A3E2E3236B4005F2E03 /* Resources */,
			);
			buildRules = (
			);
			dependencies = (
				6DC81A422E3236B4005F2E03 /* PBXTargetDependency */,
			);
			fileSystemSynchronizedGroups = (
				6DC81A432E3236B4005F2E03 /* MocolammaTests */,
			);
			name = MocolammaTests;
			packageProductDependencies = (
			);
			productName = MocolammaTests;
			productReference = 6DC81A402E3236B4005F2E03 /* MocolammaTests.xctest */;
			productType = "com.apple.product-type.bundle.unit-test";
		};
		6DC81A492E3236B4005F2E03 /* MocolammaUITests */ = {
			isa = PBXNativeTarget;
			buildConfigurationList = 6DC81A5A2E3236B4005F2E03 /* Build configuration list for PBXNativeTarget "MocolammaUITests" */;
			buildPhases = (
				6DC81A462E3236B4005F2E03 /* Sources */,
				6DC81A472E3236B4005F2E03 /* Frameworks */,
				6DC81A482E3236B4005F2E03 /* Resources */,
			);
			buildRules = (
			);
			dependencies = (
				6DC81A4C2E3236B4005F2E03 /* PBXTargetDependency */,
			);
			fileSystemSynchronizedGroups = (
				6DC81A4D2E3236B4005F2E03 /* MocolammaUITests */,
			);
			name = MocolammaUITests;
			packageProductDependencies = (
			);
			productName = MocolammaUITests;
			productReference = 6DC81A4A2E3236B4005F2E03 /* MocolammaUITests.xctest */;
			productType = "com.apple.product-type.bundle.ui-testing";
		};
/* End PBXNativeTarget section */

/* Begin PBXProject section */
		6DC81A2A2E3236B3005F2E03 /* Project object */ = {
			isa = PBXProject;
			attributes = {
				BuildIndependentTargetsInParallel = 1;
				LastSwiftUpdateCheck = 1640;
				LastUpgradeCheck = 2600;
				TargetAttributes = {
					6DC81A312E3236B3005F2E03 = {
						CreatedOnToolsVersion = 16.4;
					};
					6DC81A3F2E3236B4005F2E03 = {
						CreatedOnToolsVersion = 16.4;
						TestTargetID = 6DC81A312E3236B3005F2E03;
					};
					6DC81A492E3236B4005F2E03 = {
						CreatedOnToolsVersion = 16.4;
						TestTargetID = 6DC81A312E3236B3005F2E03;
					};
				};
			};
			buildConfigurationList = 6DC81A2D2E3236B3005F2E03 /* Build configuration list for PBXProject "Mocolamma" */;
			developmentRegion = en;
			hasScannedForEncodings = 0;
			knownRegions = (
				en,
				Base,
				ja,
			);
			mainGroup = 6DC81A292E3236B3005F2E03;
			minimizedProjectReferenceProxies = 1;
			packageReferences = (
				6D6AF25B2E37C253008E569D /* XCRemoteSwiftPackageReference "swift-markdown-ui" */,
				6D7D849F2E3B68FA006EDB4D /* XCRemoteSwiftPackageReference "CompactSlider" */,
			);
			preferredProjectObjectVersion = 77;
			productRefGroup = 6DC81A332E3236B3005F2E03 /* Products */;
			projectDirPath = "";
			projectRoot = "";
			targets = (
				6DC81A312E3236B3005F2E03 /* Mocolamma */,
				6DC81A3F2E3236B4005F2E03 /* MocolammaTests */,
				6DC81A492E3236B4005F2E03 /* MocolammaUITests */,
			);
		};
/* End PBXProject section */

/* Begin PBXResourcesBuildPhase section */
		6DC81A302E3236B3005F2E03 /* Resources */ = {
			isa = PBXResourcesBuildPhase;
			buildActionMask = 2147483647;
			files = (
				6D66B2262E90186800EA3CE6 /* AppIcon.icon in Resources */,
				6D66B2272E90186800EA3CE6 /* Assets.xcassets in Resources */,
				6D66B2282E90186800EA3CE6 /* Localizable.xcstrings in Resources */,
				6D66B22A2E90186800EA3CE6 /* LaunchScreen.storyboard in Resources */,
				6DD8D3062E92A29B00BA273F /* InfoPlist.strings in Resources */,
			);
			runOnlyForDeploymentPostprocessing = 0;
		};
		6DC81A3E2E3236B4005F2E03 /* Resources */ = {
			isa = PBXResourcesBuildPhase;
			buildActionMask = 2147483647;
			files = (
			);
			runOnlyForDeploymentPostprocessing = 0;
		};
		6DC81A482E3236B4005F2E03 /* Resources */ = {
			isa = PBXResourcesBuildPhase;
			buildActionMask = 2147483647;
			files = (
			);
			runOnlyForDeploymentPostprocessing = 0;
		};
/* End PBXResourcesBuildPhase section */

/* Begin PBXSourcesBuildPhase section */
		6DC81A2E2E3236B3005F2E03 /* Sources */ = {
			isa = PBXSourcesBuildPhase;
			buildActionMask = 2147483647;
			files = (
				6D66B1FF2E90186800EA3CE6 /* GlassProminentButtonStyle.swift in Sources */,
				6D66B2002E90186800EA3CE6 /* MarqueeText.swift in Sources */,
				6D66B2012E90186800EA3CE6 /* NavSubtitleIfAvailable.swift in Sources */,
				6D66B2022E90186800EA3CE6 /* SoftEdgeIfAvailable.swift in Sources */,
				6D66B2032E90186800EA3CE6 /* VisualEffectView.swift in Sources */,
				6D66B2042E90186800EA3CE6 /* APITimeoutManager.swift in Sources */,
				6D66B2052E90186800EA3CE6 /* CommandExecutor.swift in Sources */,
				6D66B2062E90186800EA3CE6 /* ServerManager.swift in Sources */,
				6D66B2072E90186800EA3CE6 /* OllamaChat.swift in Sources */,
				6D66B2082E90186800EA3CE6 /* OllamaModel.swift in Sources */,
				6D66B2092E90186800EA3CE6 /* ServerInfo.swift in Sources */,
				6D66B20A2E90186800EA3CE6 /* MocolammaApp.swift in Sources */,
				6D66B20B2E90186800EA3CE6 /* RefreshTrigger.swift in Sources */,
				6D66B20C2E90186800EA3CE6 /* VisionOSDetection.swift in Sources */,
				6D66B20D2E90186800EA3CE6 /* AboutView.swift in Sources */,
				6D66B20E2E90186800EA3CE6 /* AddModelsSheet.swift in Sources */,
				6D66B20F2E90186800EA3CE6 /* ChatInputView.swift in Sources */,
				6D66B2102E90186800EA3CE6 /* ChatMessagesView.swift in Sources */,
				6D66B2112E90186800EA3CE6 /* ChatView.swift in Sources */,
				6D66B2122E90186800EA3CE6 /* ContentView.swift in Sources */,
				6D66B2132E90186800EA3CE6 /* InspectorContentView.swift in Sources */,
				6D66B2142E90186800EA3CE6 /* LegacyIPhoneTabView.swift in Sources */,
				6D66B2152E90186800EA3CE6 /* LicenseInfoModalView.swift in Sources */,
				6D66B2162E90186800EA3CE6 /* LicenseTextView.swift in Sources */,
				6D66B2172E90186800EA3CE6 /* MainContentDetailView.swift in Sources */,
				6D66B2182E90186800EA3CE6 /* MainNavigationView.swift in Sources */,
				6D66B2192E90186800EA3CE6 /* MainTabView.swift in Sources */,
				6D66B21A2E90186800EA3CE6 /* MessageInputView.swift in Sources */,
				6D66B21B2E90186800EA3CE6 /* MessageView.swift in Sources */,
				6D66B21C2E90186800EA3CE6 /* ModelInspectorDetailView.swift in Sources */,
				6D66B21D2E90186800EA3CE6 /* ModelInspectorView.swift in Sources */,
				6D66B21E2E90186800EA3CE6 /* ModelListView.swift in Sources */,
				6D66B21F2E90186800EA3CE6 /* RunningModelsCountView.swift in Sources */,
				6D66B2202E90186800EA3CE6 /* ServerFormView.swift in Sources */,
				6D66B2212E90186800EA3CE6 /* ServerInspectorDetailView.swift in Sources */,
				6D66B2222E90186800EA3CE6 /* ServerInspectorView.swift in Sources */,
				6D66B2232E90186800EA3CE6 /* ServerRowView.swift in Sources */,
				6D66B2242E90186800EA3CE6 /* ServerView.swift in Sources */,
				6D66B2252E90186800EA3CE6 /* SettingsView.swift in Sources */,
			);
			runOnlyForDeploymentPostprocessing = 0;
		};
		6DC81A3C2E3236B4005F2E03 /* Sources */ = {
			isa = PBXSourcesBuildPhase;
			buildActionMask = 2147483647;
			files = (
			);
			runOnlyForDeploymentPostprocessing = 0;
		};
		6DC81A462E3236B4005F2E03 /* Sources */ = {
			isa = PBXSourcesBuildPhase;
			buildActionMask = 2147483647;
			files = (
			);
			runOnlyForDeploymentPostprocessing = 0;
		};
/* End PBXSourcesBuildPhase section */

/* Begin PBXTargetDependency section */
		6DC81A422E3236B4005F2E03 /* PBXTargetDependency */ = {
			isa = PBXTargetDependency;
			target = 6DC81A312E3236B3005F2E03 /* Mocolamma */;
			targetProxy = 6DC81A412E3236B4005F2E03 /* PBXContainerItemProxy */;
		};
		6DC81A4C2E3236B4005F2E03 /* PBXTargetDependency */ = {
			isa = PBXTargetDependency;
			target = 6DC81A312E3236B3005F2E03 /* Mocolamma */;
			targetProxy = 6DC81A4B2E3236B4005F2E03 /* PBXContainerItemProxy */;
		};
/* End PBXTargetDependency section */

/* Begin PBXVariantGroup section */
		6DD8D3042E92A29B00BA273F /* InfoPlist.strings */ = {
			isa = PBXVariantGroup;
			children = (
				6DD8D3052E92A29B00BA273F /* en */,
				6DD8D3072E92A2BB00BA273F /* ja */,
			);
			name = InfoPlist.strings;
			sourceTree = "<group>";
		};
/* End PBXVariantGroup section */

/* Begin XCBuildConfiguration section */
		6DC81A522E3236B4005F2E03 /* Debug */ = {
			isa = XCBuildConfiguration;
			buildSettings = {
				ALWAYS_SEARCH_USER_PATHS = NO;
				ASSETCATALOG_COMPILER_GENERATE_SWIFT_ASSET_SYMBOL_EXTENSIONS = YES;
				CLANG_ANALYZER_LOCALIZABILITY_NONLOCALIZED = YES;
				CLANG_ANALYZER_NONNULL = YES;
				CLANG_ANALYZER_NUMBER_OBJECT_CONVERSION = YES_AGGRESSIVE;
				CLANG_CXX_LANGUAGE_STANDARD = "gnu++20";
				CLANG_ENABLE_MODULES = YES;
				CLANG_ENABLE_OBJC_ARC = YES;
				CLANG_ENABLE_OBJC_WEAK = YES;
				CLANG_WARN_BLOCK_CAPTURE_AUTORELEASING = YES;
				CLANG_WARN_BOOL_CONVERSION = YES;
				CLANG_WARN_COMMA = YES;
				CLANG_WARN_CONSTANT_CONVERSION = YES;
				CLANG_WARN_DEPRECATED_OBJC_IMPLEMENTATIONS = YES;
				CLANG_WARN_DIRECT_OBJC_ISA_USAGE = YES_ERROR;
				CLANG_WARN_DOCUMENTATION_COMMENTS = YES;
				CLANG_WARN_EMPTY_BODY = YES;
				CLANG_WARN_ENUM_CONVERSION = YES;
				CLANG_WARN_INFINITE_RECURSION = YES;
				CLANG_WARN_INT_CONVERSION = YES;
				CLANG_WARN_NON_LITERAL_NULL_CONVERSION = YES;
				CLANG_WARN_OBJC_IMPLICIT_RETAIN_SELF = YES;
				CLANG_WARN_OBJC_LITERAL_CONVERSION = YES;
				CLANG_WARN_OBJC_ROOT_CLASS = YES_ERROR;
				CLANG_WARN_QUOTED_INCLUDE_IN_FRAMEWORK_HEADER = YES;
				CLANG_WARN_RANGE_LOOP_ANALYSIS = YES;
				CLANG_WARN_STRICT_PROTOTYPES = YES;
				CLANG_WARN_SUSPICIOUS_MOVE = YES;
				CLANG_WARN_UNGUARDED_AVAILABILITY = YES_AGGRESSIVE;
				CLANG_WARN_UNREACHABLE_CODE = YES;
				CLANG_WARN__DUPLICATE_METHOD_MATCH = YES;
				COPY_PHASE_STRIP = NO;
				DEAD_CODE_STRIPPING = YES;
				DEBUG_INFORMATION_FORMAT = dwarf;
				DEVELOPMENT_TEAM = 5U7H2X2X96;
				ENABLE_STRICT_OBJC_MSGSEND = YES;
				ENABLE_TESTABILITY = YES;
				ENABLE_USER_SCRIPT_SANDBOXING = YES;
				GCC_C_LANGUAGE_STANDARD = gnu17;
				GCC_DYNAMIC_NO_PIC = NO;
				GCC_NO_COMMON_BLOCKS = YES;
				GCC_OPTIMIZATION_LEVEL = 0;
				GCC_PREPROCESSOR_DEFINITIONS = (
					"DEBUG=1",
					"$(inherited)",
				);
				GCC_WARN_64_TO_32_BIT_CONVERSION = YES;
				GCC_WARN_ABOUT_RETURN_TYPE = YES_ERROR;
				GCC_WARN_UNDECLARED_SELECTOR = YES;
				GCC_WARN_UNINITIALIZED_AUTOS = YES_AGGRESSIVE;
				GCC_WARN_UNUSED_FUNCTION = YES;
				GCC_WARN_UNUSED_VARIABLE = YES;
				LOCALIZATION_PREFERS_STRING_CATALOGS = YES;
				MACOSX_DEPLOYMENT_TARGET = 15.5;
				MTL_ENABLE_DEBUG_INFO = INCLUDE_SOURCE;
				MTL_FAST_MATH = YES;
				ONLY_ACTIVE_ARCH = YES;
				SDKROOT = macosx;
				STRING_CATALOG_GENERATE_SYMBOLS = YES;
				SWIFT_ACTIVE_COMPILATION_CONDITIONS = "DEBUG $(inherited)";
				SWIFT_EMIT_LOC_STRINGS = YES;
				SWIFT_OPTIMIZATION_LEVEL = "-Onone";
			};
			name = Debug;
		};
		6DC81A532E3236B4005F2E03 /* Release */ = {
			isa = XCBuildConfiguration;
			buildSettings = {
				ALWAYS_SEARCH_USER_PATHS = NO;
				ASSETCATALOG_COMPILER_GENERATE_SWIFT_ASSET_SYMBOL_EXTENSIONS = YES;
				CLANG_ANALYZER_LOCALIZABILITY_NONLOCALIZED = YES;
				CLANG_ANALYZER_NONNULL = YES;
				CLANG_ANALYZER_NUMBER_OBJECT_CONVERSION = YES_AGGRESSIVE;
				CLANG_CXX_LANGUAGE_STANDARD = "gnu++20";
				CLANG_ENABLE_MODULES = YES;
				CLANG_ENABLE_OBJC_ARC = YES;
				CLANG_ENABLE_OBJC_WEAK = YES;
				CLANG_WARN_BLOCK_CAPTURE_AUTORELEASING = YES;
				CLANG_WARN_BOOL_CONVERSION = YES;
				CLANG_WARN_COMMA = YES;
				CLANG_WARN_CONSTANT_CONVERSION = YES;
				CLANG_WARN_DEPRECATED_OBJC_IMPLEMENTATIONS = YES;
				CLANG_WARN_DIRECT_OBJC_ISA_USAGE = YES_ERROR;
				CLANG_WARN_DOCUMENTATION_COMMENTS = YES;
				CLANG_WARN_EMPTY_BODY = YES;
				CLANG_WARN_ENUM_CONVERSION = YES;
				CLANG_WARN_INFINITE_RECURSION = YES;
				CLANG_WARN_INT_CONVERSION = YES;
				CLANG_WARN_NON_LITERAL_NULL_CONVERSION = YES;
				CLANG_WARN_OBJC_IMPLICIT_RETAIN_SELF = YES;
				CLANG_WARN_OBJC_LITERAL_CONVERSION = YES;
				CLANG_WARN_OBJC_ROOT_CLASS = YES_ERROR;
				CLANG_WARN_QUOTED_INCLUDE_IN_FRAMEWORK_HEADER = YES;
				CLANG_WARN_RANGE_LOOP_ANALYSIS = YES;
				CLANG_WARN_STRICT_PROTOTYPES = YES;
				CLANG_WARN_SUSPICIOUS_MOVE = YES;
				CLANG_WARN_UNGUARDED_AVAILABILITY = YES_AGGRESSIVE;
				CLANG_WARN_UNREACHABLE_CODE = YES;
				CLANG_WARN__DUPLICATE_METHOD_MATCH = YES;
				COPY_PHASE_STRIP = NO;
				DEAD_CODE_STRIPPING = YES;
				DEBUG_INFORMATION_FORMAT = "dwarf-with-dsym";
				DEVELOPMENT_TEAM = 5U7H2X2X96;
				ENABLE_NS_ASSERTIONS = NO;
				ENABLE_STRICT_OBJC_MSGSEND = YES;
				ENABLE_USER_SCRIPT_SANDBOXING = YES;
				GCC_C_LANGUAGE_STANDARD = gnu17;
				GCC_NO_COMMON_BLOCKS = YES;
				GCC_WARN_64_TO_32_BIT_CONVERSION = YES;
				GCC_WARN_ABOUT_RETURN_TYPE = YES_ERROR;
				GCC_WARN_UNDECLARED_SELECTOR = YES;
				GCC_WARN_UNINITIALIZED_AUTOS = YES_AGGRESSIVE;
				GCC_WARN_UNUSED_FUNCTION = YES;
				GCC_WARN_UNUSED_VARIABLE = YES;
				LOCALIZATION_PREFERS_STRING_CATALOGS = YES;
				MACOSX_DEPLOYMENT_TARGET = 15.5;
				MTL_ENABLE_DEBUG_INFO = NO;
				MTL_FAST_MATH = YES;
				SDKROOT = macosx;
				STRING_CATALOG_GENERATE_SYMBOLS = YES;
				SWIFT_COMPILATION_MODE = wholemodule;
				SWIFT_EMIT_LOC_STRINGS = YES;
			};
			name = Release;
		};
		6DC81A552E3236B4005F2E03 /* Debug */ = {
			isa = XCBuildConfiguration;
			buildSettings = {
				ASSETCATALOG_COMPILER_APPICON_NAME = AppIcon;
				ASSETCATALOG_COMPILER_GLOBAL_ACCENT_COLOR_NAME = AccentColor;
				ASSETCATALOG_COMPILER_INCLUDE_ALL_APPICON_ASSETS = NO;
				CODE_SIGN_ENTITLEMENTS = Mocolamma/Mocolamma.entitlements;
				"CODE_SIGN_IDENTITY[sdk=macosx*]" = "Apple Development";
				CODE_SIGN_STYLE = Automatic;
				COMBINE_HIDPI_IMAGES = YES;
				CURRENT_PROJECT_VERSION = 2219;
				DEAD_CODE_STRIPPING = YES;
				DEVELOPMENT_TEAM = 5U7H2X2X96;
				ENABLE_APP_SANDBOX = YES;
				ENABLE_HARDENED_RUNTIME = YES;
				ENABLE_OUTGOING_NETWORK_CONNECTIONS = YES;
				ENABLE_PREVIEWS = YES;
				ENABLE_USER_SELECTED_FILES = readonly;
				GENERATE_INFOPLIST_FILE = YES;
				INFOPLIST_FILE = Mocolamma/Info.plist;
				INFOPLIST_KEY_CFBundleDisplayName = Mocolamma;
				INFOPLIST_KEY_LSApplicationCategoryType = "public.app-category.utilities";
				INFOPLIST_KEY_NSHumanReadableCopyright = "";
				INFOPLIST_KEY_UILaunchStoryboardName = LaunchScreen;
				INFOPLIST_KEY_UISupportedInterfaceOrientations = "UIInterfaceOrientationLandscapeLeft UIInterfaceOrientationLandscapeRight UIInterfaceOrientationPortrait UIInterfaceOrientationPortraitUpsideDown";
				IPHONEOS_DEPLOYMENT_TARGET = 17.0;
				LD_RUNPATH_SEARCH_PATHS = (
					"$(inherited)",
					"@executable_path/../Frameworks",
				);
				MACOSX_DEPLOYMENT_TARGET = 14.0;
				MARKETING_VERSION = 1.0.0;
				PRODUCT_BUNDLE_IDENTIFIER = design.taikun.Mocolamma;
				PRODUCT_NAME = "$(TARGET_NAME)";
				REGISTER_APP_GROUPS = YES;
				SUPPORTED_PLATFORMS = "iphoneos iphonesimulator macosx";
				SUPPORTS_MACCATALYST = NO;
				SUPPORTS_MAC_DESIGNED_FOR_IPHONE_IPAD = NO;
				SUPPORTS_XR_DESIGNED_FOR_IPHONE_IPAD = YES;
				SWIFT_EMIT_LOC_STRINGS = YES;
				SWIFT_VERSION = 5.0;
				TARGETED_DEVICE_FAMILY = "1,2";
				VERSIONING_SYSTEM = "apple-generic";
			};
			name = Debug;
		};
		6DC81A562E3236B4005F2E03 /* Release */ = {
			isa = XCBuildConfiguration;
			buildSettings = {
				ASSETCATALOG_COMPILER_APPICON_NAME = AppIcon;
				ASSETCATALOG_COMPILER_GLOBAL_ACCENT_COLOR_NAME = AccentColor;
				ASSETCATALOG_COMPILER_INCLUDE_ALL_APPICON_ASSETS = NO;
				CODE_SIGN_ENTITLEMENTS = Mocolamma/Mocolamma.entitlements;
				"CODE_SIGN_IDENTITY[sdk=macosx*]" = "Apple Development";
				CODE_SIGN_STYLE = Automatic;
				COMBINE_HIDPI_IMAGES = YES;
				CURRENT_PROJECT_VERSION = 2219;
				DEAD_CODE_STRIPPING = YES;
				DEVELOPMENT_TEAM = 5U7H2X2X96;
				ENABLE_APP_SANDBOX = YES;
				ENABLE_HARDENED_RUNTIME = YES;
				ENABLE_OUTGOING_NETWORK_CONNECTIONS = YES;
				ENABLE_PREVIEWS = YES;
				ENABLE_USER_SELECTED_FILES = readonly;
				GENERATE_INFOPLIST_FILE = YES;
				INFOPLIST_FILE = Mocolamma/Info.plist;
				INFOPLIST_KEY_CFBundleDisplayName = Mocolamma;
				INFOPLIST_KEY_LSApplicationCategoryType = "public.app-category.utilities";
				INFOPLIST_KEY_NSHumanReadableCopyright = "";
				INFOPLIST_KEY_UILaunchStoryboardName = LaunchScreen;
				INFOPLIST_KEY_UISupportedInterfaceOrientations = "UIInterfaceOrientationLandscapeLeft UIInterfaceOrientationLandscapeRight UIInterfaceOrientationPortrait UIInterfaceOrientationPortraitUpsideDown";
				IPHONEOS_DEPLOYMENT_TARGET = 17.0;
				LD_RUNPATH_SEARCH_PATHS = (
					"$(inherited)",
					"@executable_path/../Frameworks",
				);
				MACOSX_DEPLOYMENT_TARGET = 14.0;
				MARKETING_VERSION = 1.0.0;
				PRODUCT_BUNDLE_IDENTIFIER = design.taikun.Mocolamma;
				PRODUCT_NAME = "$(TARGET_NAME)";
				REGISTER_APP_GROUPS = YES;
				SUPPORTED_PLATFORMS = "iphoneos iphonesimulator macosx";
				SUPPORTS_MACCATALYST = NO;
				SUPPORTS_MAC_DESIGNED_FOR_IPHONE_IPAD = NO;
				SUPPORTS_XR_DESIGNED_FOR_IPHONE_IPAD = YES;
				SWIFT_EMIT_LOC_STRINGS = YES;
				SWIFT_VERSION = 5.0;
				TARGETED_DEVICE_FAMILY = "1,2";
				VERSIONING_SYSTEM = "apple-generic";
			};
			name = Release;
		};
		6DC81A582E3236B4005F2E03 /* Debug */ = {
			isa = XCBuildConfiguration;
			buildSettings = {
				BUNDLE_LOADER = "$(TEST_HOST)";
				CODE_SIGN_STYLE = Automatic;
				CURRENT_PROJECT_VERSION = 2219;
				DEAD_CODE_STRIPPING = YES;
				DEVELOPMENT_TEAM = 5U7H2X2X96;
				GENERATE_INFOPLIST_FILE = YES;
				MACOSX_DEPLOYMENT_TARGET = 15.5;
				MARKETING_VERSION = 1.0;
				PRODUCT_BUNDLE_IDENTIFIER = design.taikun.MocolammaTests;
				PRODUCT_NAME = "$(TARGET_NAME)";
				SWIFT_EMIT_LOC_STRINGS = NO;
				SWIFT_VERSION = 5.0;
				TEST_HOST = "$(BUILT_PRODUCTS_DIR)/Mocolamma.app/$(BUNDLE_EXECUTABLE_FOLDER_PATH)/Mocolamma";
			};
			name = Debug;
		};
		6DC81A592E3236B4005F2E03 /* Release */ = {
			isa = XCBuildConfiguration;
			buildSettings = {
				BUNDLE_LOADER = "$(TEST_HOST)";
				CODE_SIGN_STYLE = Automatic;
				CURRENT_PROJECT_VERSION = 2219;
				DEAD_CODE_STRIPPING = YES;
				DEVELOPMENT_TEAM = 5U7H2X2X96;
				GENERATE_INFOPLIST_FILE = YES;
				MACOSX_DEPLOYMENT_TARGET = 15.5;
				MARKETING_VERSION = 1.0;
				PRODUCT_BUNDLE_IDENTIFIER = design.taikun.MocolammaTests;
				PRODUCT_NAME = "$(TARGET_NAME)";
				SWIFT_EMIT_LOC_STRINGS = NO;
				SWIFT_VERSION = 5.0;
				TEST_HOST = "$(BUILT_PRODUCTS_DIR)/Mocolamma.app/$(BUNDLE_EXECUTABLE_FOLDER_PATH)/Mocolamma";
			};
			name = Release;
		};
		6DC81A5B2E3236B4005F2E03 /* Debug */ = {
			isa = XCBuildConfiguration;
			buildSettings = {
				CODE_SIGN_STYLE = Automatic;
				CURRENT_PROJECT_VERSION = 2219;
				DEAD_CODE_STRIPPING = YES;
				DEVELOPMENT_TEAM = 5U7H2X2X96;
				GENERATE_INFOPLIST_FILE = YES;
				MARKETING_VERSION = 1.0;
				PRODUCT_BUNDLE_IDENTIFIER = design.taikun.MocolammaUITests;
				PRODUCT_NAME = "$(TARGET_NAME)";
				SWIFT_EMIT_LOC_STRINGS = NO;
				SWIFT_VERSION = 5.0;
				TEST_TARGET_NAME = Mocolamma;
			};
			name = Debug;
		};
		6DC81A5C2E3236B4005F2E03 /* Release */ = {
			isa = XCBuildConfiguration;
			buildSettings = {
				CODE_SIGN_STYLE = Automatic;
				CURRENT_PROJECT_VERSION = 2219;
				DEAD_CODE_STRIPPING = YES;
				DEVELOPMENT_TEAM = 5U7H2X2X96;
				GENERATE_INFOPLIST_FILE = YES;
				MARKETING_VERSION = 1.0;
				PRODUCT_BUNDLE_IDENTIFIER = design.taikun.MocolammaUITests;
				PRODUCT_NAME = "$(TARGET_NAME)";
				SWIFT_EMIT_LOC_STRINGS = NO;
				SWIFT_VERSION = 5.0;
				TEST_TARGET_NAME = Mocolamma;
			};
			name = Release;
		};
/* End XCBuildConfiguration section */

/* Begin XCConfigurationList section */
		6DC81A2D2E3236B3005F2E03 /* Build configuration list for PBXProject "Mocolamma" */ = {
			isa = XCConfigurationList;
			buildConfigurations = (
				6DC81A522E3236B4005F2E03 /* Debug */,
				6DC81A532E3236B4005F2E03 /* Release */,
			);
			defaultConfigurationIsVisible = 0;
			defaultConfigurationName = Release;
		};
		6DC81A542E3236B4005F2E03 /* Build configuration list for PBXNativeTarget "Mocolamma" */ = {
			isa = XCConfigurationList;
			buildConfigurations = (
				6DC81A552E3236B4005F2E03 /* Debug */,
				6DC81A562E3236B4005F2E03 /* Release */,
			);
			defaultConfigurationIsVisible = 0;
			defaultConfigurationName = Release;
		};
		6DC81A572E3236B4005F2E03 /* Build configuration list for PBXNativeTarget "MocolammaTests" */ = {
			isa = XCConfigurationList;
			buildConfigurations = (
				6DC81A582E3236B4005F2E03 /* Debug */,
				6DC81A592E3236B4005F2E03 /* Release */,
			);
			defaultConfigurationIsVisible = 0;
			defaultConfigurationName = Release;
		};
		6DC81A5A2E3236B4005F2E03 /* Build configuration list for PBXNativeTarget "MocolammaUITests" */ = {
			isa = XCConfigurationList;
			buildConfigurations = (
				6DC81A5B2E3236B4005F2E03 /* Debug */,
				6DC81A5C2E3236B4005F2E03 /* Release */,
			);
			defaultConfigurationIsVisible = 0;
			defaultConfigurationName = Release;
		};
/* End XCConfigurationList section */

/* Begin XCRemoteSwiftPackageReference section */
		6D6AF25B2E37C253008E569D /* XCRemoteSwiftPackageReference "swift-markdown-ui" */ = {
			isa = XCRemoteSwiftPackageReference;
			repositoryURL = "https://github.com/gonzalezreal/swift-markdown-ui";
			requirement = {
				kind = exactVersion;
				version = 2.4.1;
			};
		};
		6D7D849F2E3B68FA006EDB4D /* XCRemoteSwiftPackageReference "CompactSlider" */ = {
			isa = XCRemoteSwiftPackageReference;
			repositoryURL = "https://github.com/buh/CompactSlider";
			requirement = {
				kind = exactVersion;
				version = 2.0.9;
			};
		};
/* End XCRemoteSwiftPackageReference section */

/* Begin XCSwiftPackageProductDependency section */
		6D6AF25C2E37C253008E569D /* MarkdownUI */ = {
			isa = XCSwiftPackageProductDependency;
			package = 6D6AF25B2E37C253008E569D /* XCRemoteSwiftPackageReference "swift-markdown-ui" */;
			productName = MarkdownUI;
		};
		6D7D84A02E3B68FA006EDB4D /* CompactSlider */ = {
			isa = XCSwiftPackageProductDependency;
			package = 6D7D849F2E3B68FA006EDB4D /* XCRemoteSwiftPackageReference "CompactSlider" */;
			productName = CompactSlider;
		};
/* End XCSwiftPackageProductDependency section */
	};
	rootObject = 6DC81A2A2E3236B3005F2E03 /* Project object */;
}
