// !$*UTF8*$!
{
	archiveVersion = 1;
	classes = {
	};
	objectVersion = 77;
	objects = {

/* Begin PBXBuildFile section */
		6D6AF25D2E37C253008E569D /* MarkdownUI in Frameworks */ = {isa = PBXBuildFile; productRef = 6D6AF25C2E37C253008E569D /* MarkdownUI */; };
/* End PBXBuildFile section */

/* Begin PBXContainerItemProxy section */
		6DC81A412E3236B4005F2E03 /* PBXContainerItemProxy */ = {
			isa = PBXContainerItemProxy;
			containerPortal = 6DC81A2A2E3236B3005F2E03 /* Project object */;
			proxyType = 1;
			remoteGlobalIDString = 6DC81A312E3236B3005F2E03;
			remoteInfo = Mocolamma;
		};
		6DC81A4B2E3236B4005F2E03 /* PBXContainerItemProxy */ = {
			isa = PBXContainerItemProxy;
			containerPortal = 6DC81A2A2E3236B3005F2E03 /* Project object */;
			proxyType = 1;
			remoteGlobalIDString = 6DC81A312E3236B3005F2E03;
			remoteInfo = Mocolamma;
		};
/* End PBXContainerItemProxy section */

/* Begin PBXFileReference section */
		6DC81A322E3236B3005F2E03 /* Mocolamma.app */ = {isa = PBXFileReference; explicitFileType = wrapper.application; includeInIndex = 0; path = Mocolamma.app; sourceTree = BUILT_PRODUCTS_DIR; };
		6DC81A402E3236B4005F2E03 /* MocolammaTests.xctest */ = {isa = PBXFileReference; explicitFileType = wrapper.cfbundle; includeInIndex = 0; path = MocolammaTests.xctest; sourceTree = BUILT_PRODUCTS_DIR; };
		6DC81A4A2E3236B4005F2E03 /* MocolammaUITests.xctest */ = {isa = PBXFileReference; explicitFileType = wrapper.cfbundle; includeInIndex = 0; path = MocolammaUITests.xctest; sourceTree = BUILT_PRODUCTS_DIR; };
/* End PBXFileReference section */

/* Begin PBXFileSystemSynchronizedRootGroup section */
		6DC81A342E3236B3005F2E03 /* Mocolamma */ = {
			isa = PBXFileSystemSynchronizedRootGroup;
			path = Mocolamma;
			sourceTree = "<group>";
		};
		6DC81A432E3236B4005F2E03 /* MocolammaTests */ = {
			isa = PBXFileSystemSynchronizedRootGroup;
			path = MocolammaTests;
			sourceTree = "<group>";
		};
		6DC81A4D2E3236B4005F2E03 /* MocolammaUITests */ = {
			isa = PBXFileSystemSynchronizedRootGroup;
			path = MocolammaUITests;
			sourceTree = "<group>";
		};
/* End PBXFileSystemSynchronizedRootGroup section */

/* Begin PBXFrameworksBuildPhase section */
		6DC81A2F2E3236B3005F2E03 /* Frameworks */ = {
			isa = PBXFrameworksBuildPhase;
			buildActionMask = 2147483647;
			files = (
				6D6AF25D2E37C253008E569D /* MarkdownUI in Frameworks */,
			);
			runOnlyForDeploymentPostprocessing = 0;
		};
		6DC81A3D2E3236B4005F2E03 /* Frameworks */ = {
			isa = PBXFrameworksBuildPhase;
			buildActionMask = 2147483647;
			files = (
			);
			runOnlyForDeploymentPostprocessing = 0;
		};
		6DC81A472E3236B4005F2E03 /* Frameworks */ = {
			isa = PBXFrameworksBuildPhase;
			buildActionMask = 2147483647;
			files = (
			);
			runOnlyForDeploymentPostprocessing = 0;
		};
/* End PBXFrameworksBuildPhase section */

/* Begin PBXGroup section */
		6DC81A292E3236B3005F2E03 = {
			isa = PBXGroup;
			children = (
				6DC81A342E3236B3005F2E03 /* Mocolamma */,
				6DC81A432E3236B4005F2E03 /* MocolammaTests */,
				6DC81A4D2E3236B4005F2E03 /* MocolammaUITests */,
				6DC81A332E3236B3005F2E03 /* Products */,
			);
			sourceTree = "<group>";
		};
		6DC81A332E3236B3005F2E03 /* Products */ = {
			isa = PBXGroup;
			children = (
				6DC81A322E3236B3005F2E03 /* Mocolamma.app */,
				6DC81A402E3236B4005F2E03 /* MocolammaTests.xctest */,
				6DC81A4A2E3236B4005F2E03 /* MocolammaUITests.xctest */,
			);
			name = Products;
			sourceTree = "<group>";
		};
/* End PBXGroup section */

/* Begin PBXNativeTarget section */
		6DC81A312E3236B3005F2E03 /* Mocolamma */ = {
			isa = PBXNativeTarget;
			buildConfigurationList = 6DC81A542E3236B4005F2E03 /* Build configuration list for PBXNativeTarget "Mocolamma" */;
			buildPhases = (
				6DC81A2E2E3236B3005F2E03 /* Sources */,
				6DC81A2F2E3236B3005F2E03 /* Frameworks */,
				6DC81A302E3236B3005F2E03 /* Resources */,
			);
			buildRules = (
			);
			dependencies = (
			);
			fileSystemSynchronizedGroups = (
				6DC81A342E3236B3005F2E03 /* Mocolamma */,
			);
			name = Mocolamma;
			packageProductDependencies = (
				6D6AF25C2E37C253008E569D /* MarkdownUI */,
			);
			productName = Mocolamma;
			productReference = 6DC81A322E3236B3005F2E03 /* Mocolamma.app */;
			productType = "com.apple.product-type.application";
		};
		6DC81A3F2E3236B4005F2E03 /* MocolammaTests */ = {
			isa = PBXNativeTarget;
			buildConfigurationList = 6DC81A572E3236B4005F2E03 /* Build configuration list for PBXNativeTarget "MocolammaTests" */;
			buildPhases = (
				6DC81A3C2E3236B4005F2E03 /* Sources */,
				6DC81A3D2E3236B4005F2E03 /* Frameworks */,
				6DC81A3E2E3236B4005F2E03 /* Resources */,
			);
			buildRules = (
			);
			dependencies = (
				6DC81A422E3236B4005F2E03 /* PBXTargetDependency */,
			);
			fileSystemSynchronizedGroups = (
				6DC81A432E3236B4005F2E03 /* MocolammaTests */,
			);
			name = MocolammaTests;
			packageProductDependencies = (
			);
			productName = MocolammaTests;
			productReference = 6DC81A402E3236B4005F2E03 /* MocolammaTests.xctest */;
			productType = "com.apple.product-type.bundle.unit-test";
		};
		6DC81A492E3236B4005F2E03 /* MocolammaUITests */ = {
			isa = PBXNativeTarget;
			buildConfigurationList = 6DC81A5A2E3236B4005F2E03 /* Build configuration list for PBXNativeTarget "MocolammaUITests" */;
			buildPhases = (
				6DC81A462E3236B4005F2E03 /* Sources */,
				6DC81A472E3236B4005F2E03 /* Frameworks */,
				6DC81A482E3236B4005F2E03 /* Resources */,
			);
			buildRules = (
			);
			dependencies = (
				6DC81A4C2E3236B4005F2E03 /* PBXTargetDependency */,
			);
			fileSystemSynchronizedGroups = (
				6DC81A4D2E3236B4005F2E03 /* MocolammaUITests */,
			);
			name = MocolammaUITests;
			packageProductDependencies = (
			);
			productName = MocolammaUITests;
			productReference = 6DC81A4A2E3236B4005F2E03 /* MocolammaUITests.xctest */;
			productType = "com.apple.product-type.bundle.ui-testing";
		};
/* End PBXNativeTarget section */

/* Begin PBXProject section */
		6DC81A2A2E3236B3005F2E03 /* Project object */ = {
			isa = PBXProject;
			attributes = {
				BuildIndependentTargetsInParallel = 1;
				LastSwiftUpdateCheck = 1640;
				LastUpgradeCheck = 2600;
				TargetAttributes = {
					6DC81A312E3236B3005F2E03 = {
						CreatedOnToolsVersion = 16.4;
					};
					6DC81A3F2E3236B4005F2E03 = {
						CreatedOnToolsVersion = 16.4;
						TestTargetID = 6DC81A312E3236B3005F2E03;
					};
					6DC81A492E3236B4005F2E03 = {
						CreatedOnToolsVersion = 16.4;
						TestTargetID = 6DC81A312E3236B3005F2E03;
					};
				};
			};
			buildConfigurationList = 6DC81A2D2E3236B3005F2E03 /* Build configuration list for PBXProject "Mocolamma" */;
			developmentRegion = en;
			hasScannedForEncodings = 0;
			knownRegions = (
				en,
				Base,
				ja,
			);
			mainGroup = 6DC81A292E3236B3005F2E03;
			minimizedProjectReferenceProxies = 1;
			packageReferences = (
				6D6AF25B2E37C253008E569D /* XCRemoteSwiftPackageReference "swift-markdown-ui" */,
			);
			preferredProjectObjectVersion = 77;
			productRefGroup = 6DC81A332E3236B3005F2E03 /* Products */;
			projectDirPath = "";
			projectRoot = "";
			targets = (
				6DC81A312E3236B3005F2E03 /* Mocolamma */,
				6DC81A3F2E3236B4005F2E03 /* MocolammaTests */,
				6DC81A492E3236B4005F2E03 /* MocolammaUITests */,
			);
		};
/* End PBXProject section */

/* Begin PBXResourcesBuildPhase section */
		6DC81A302E3236B3005F2E03 /* Resources */ = {
			isa = PBXResourcesBuildPhase;
			buildActionMask = 2147483647;
			files = (
			);
			runOnlyForDeploymentPostprocessing = 0;
		};
		6DC81A3E2E3236B4005F2E03 /* Resources */ = {
			isa = PBXResourcesBuildPhase;
			buildActionMask = 2147483647;
			files = (
			);
			runOnlyForDeploymentPostprocessing = 0;
		};
		6DC81A482E3236B4005F2E03 /* Resources */ = {
			isa = PBXResourcesBuildPhase;
			buildActionMask = 2147483647;
			files = (
			);
			runOnlyForDeploymentPostprocessing = 0;
		};
/* End PBXResourcesBuildPhase section */

/* Begin PBXSourcesBuildPhase section */
		6DC81A2E2E3236B3005F2E03 /* Sources */ = {
			isa = PBXSourcesBuildPhase;
			buildActionMask = 2147483647;
			files = (
			);
			runOnlyForDeploymentPostprocessing = 0;
		};
		6DC81A3C2E3236B4005F2E03 /* Sources */ = {
			isa = PBXSourcesBuildPhase;
			buildActionMask = 2147483647;
			files = (
			);
			runOnlyForDeploymentPostprocessing = 0;
		};
		6DC81A462E3236B4005F2E03 /* Sources */ = {
			isa = PBXSourcesBuildPhase;
			buildActionMask = 2147483647;
			files = (
			);
			runOnlyForDeploymentPostprocessing = 0;
		};
/* End PBXSourcesBuildPhase section */

/* Begin PBXTargetDependency section */
		6DC81A422E3236B4005F2E03 /* PBXTargetDependency */ = {
			isa = PBXTargetDependency;
			target = 6DC81A312E3236B3005F2E03 /* Mocolamma */;
			targetProxy = 6DC81A412E3236B4005F2E03 /* PBXContainerItemProxy */;
		};
		6DC81A4C2E3236B4005F2E03 /* PBXTargetDependency */ = {
			isa = PBXTargetDependency;
			target = 6DC81A312E3236B3005F2E03 /* Mocolamma */;
			targetProxy = 6DC81A4B2E3236B4005F2E03 /* PBXContainerItemProxy */;
		};
/* End PBXTargetDependency section */

/* Begin XCBuildConfiguration section */
		6DC81A522E3236B4005F2E03 /* Debug */ = {
			isa = XCBuildConfiguration;
			buildSettings = {
				ALWAYS_SEARCH_USER_PATHS = NO;
				ASSETCATALOG_COMPILER_GENERATE_SWIFT_ASSET_SYMBOL_EXTENSIONS = YES;
				CLANG_ANALYZER_LOCALIZABILITY_NONLOCALIZED = YES;
				CLANG_ANALYZER_NONNULL = YES;
				CLANG_ANALYZER_NUMBER_OBJECT_CONVERSION = YES_AGGRESSIVE;
				CLANG_CXX_LANGUAGE_STANDARD = "gnu++20";
				CLANG_ENABLE_MODULES = YES;
				CLANG_ENABLE_OBJC_ARC = YES;
				CLANG_ENABLE_OBJC_WEAK = YES;
				CLANG_WARN_BLOCK_CAPTURE_AUTORELEASING = YES;
				CLANG_WARN_BOOL_CONVERSION = YES;
				CLANG_WARN_COMMA = YES;
				CLANG_WARN_CONSTANT_CONVERSION = YES;
				CLANG_WARN_DEPRECATED_OBJC_IMPLEMENTATIONS = YES;
				CLANG_WARN_DIRECT_OBJC_ISA_USAGE = YES_ERROR;
				CLANG_WARN_DOCUMENTATION_COMMENTS = YES;
				CLANG_WARN_EMPTY_BODY = YES;
				CLANG_WARN_ENUM_CONVERSION = YES;
				CLANG_WARN_INFINITE_RECURSION = YES;
				CLANG_WARN_INT_CONVERSION = YES;
				CLANG_WARN_NON_LITERAL_NULL_CONVERSION = YES;
				CLANG_WARN_OBJC_IMPLICIT_RETAIN_SELF = YES;
				CLANG_WARN_OBJC_LITERAL_CONVERSION = YES;
				CLANG_WARN_OBJC_ROOT_CLASS = YES_ERROR;
				CLANG_WARN_QUOTED_INCLUDE_IN_FRAMEWORK_HEADER = YES;
				CLANG_WARN_RANGE_LOOP_ANALYSIS = YES;
				CLANG_WARN_STRICT_PROTOTYPES = YES;
				CLANG_WARN_SUSPICIOUS_MOVE = YES;
				CLANG_WARN_UNGUARDED_AVAILABILITY = YES_AGGRESSIVE;
				CLANG_WARN_UNREACHABLE_CODE = YES;
				CLANG_WARN__DUPLICATE_METHOD_MATCH = YES;
				COPY_PHASE_STRIP = NO;
				DEAD_CODE_STRIPPING = YES;
				DEBUG_INFORMATION_FORMAT = dwarf;
				DEVELOPMENT_TEAM = 5U7H2X2X96;
				ENABLE_STRICT_OBJC_MSGSEND = YES;
				ENABLE_TESTABILITY = YES;
				ENABLE_USER_SCRIPT_SANDBOXING = YES;
				GCC_C_LANGUAGE_STANDARD = gnu17;
				GCC_DYNAMIC_NO_PIC = NO;
				GCC_NO_COMMON_BLOCKS = YES;
				GCC_OPTIMIZATION_LEVEL = 0;
				GCC_PREPROCESSOR_DEFINITIONS = (
					"DEBUG=1",
					"$(inherited)",
				);
				GCC_WARN_64_TO_32_BIT_CONVERSION = YES;
				GCC_WARN_ABOUT_RETURN_TYPE = YES_ERROR;
				GCC_WARN_UNDECLARED_SELECTOR = YES;
				GCC_WARN_UNINITIALIZED_AUTOS = YES_AGGRESSIVE;
				GCC_WARN_UNUSED_FUNCTION = YES;
				GCC_WARN_UNUSED_VARIABLE = YES;
				LOCALIZATION_PREFERS_STRING_CATALOGS = YES;
				MACOSX_DEPLOYMENT_TARGET = 15.5;
				MTL_ENABLE_DEBUG_INFO = INCLUDE_SOURCE;
				MTL_FAST_MATH = YES;
				ONLY_ACTIVE_ARCH = YES;
				SDKROOT = macosx;
				STRING_CATALOG_GENERATE_SYMBOLS = YES;
				SWIFT_ACTIVE_COMPILATION_CONDITIONS = "DEBUG $(inherited)";
				SWIFT_EMIT_LOC_STRINGS = YES;
				SWIFT_OPTIMIZATION_LEVEL = "-Onone";
			};
			name = Debug;
		};
		6DC81A532E3236B4005F2E03 /* Release */ = {
			isa = XCBuildConfiguration;
			buildSettings = {
				ALWAYS_SEARCH_USER_PATHS = NO;
				ASSETCATALOG_COMPILER_GENERATE_SWIFT_ASSET_SYMBOL_EXTENSIONS = YES;
				CLANG_ANALYZER_LOCALIZABILITY_NONLOCALIZED = YES;
				CLANG_ANALYZER_NONNULL = YES;
				CLANG_ANALYZER_NUMBER_OBJECT_CONVERSION = YES_AGGRESSIVE;
				CLANG_CXX_LANGUAGE_STANDARD = "gnu++20";
				CLANG_ENABLE_MODULES = YES;
				CLANG_ENABLE_OBJC_ARC = YES;
				CLANG_ENABLE_OBJC_WEAK = YES;
				CLANG_WARN_BLOCK_CAPTURE_AUTORELEASING = YES;
				CLANG_WARN_BOOL_CONVERSION = YES;
				CLANG_WARN_COMMA = YES;
				CLANG_WARN_CONSTANT_CONVERSION = YES;
				CLANG_WARN_DEPRECATED_OBJC_IMPLEMENTATIONS = YES;
				CLANG_WARN_DIRECT_OBJC_ISA_USAGE = YES_ERROR;
				CLANG_WARN_DOCUMENTATION_COMMENTS = YES;
				CLANG_WARN_EMPTY_BODY = YES;
				CLANG_WARN_ENUM_CONVERSION = YES;
				CLANG_WARN_INFINITE_RECURSION = YES;
				CLANG_WARN_INT_CONVERSION = YES;
				CLANG_WARN_NON_LITERAL_NULL_CONVERSION = YES;
				CLANG_WARN_OBJC_IMPLICIT_RETAIN_SELF = YES;
				CLANG_WARN_OBJC_LITERAL_CONVERSION = YES;
				CLANG_WARN_OBJC_ROOT_CLASS = YES_ERROR;
				CLANG_WARN_QUOTED_INCLUDE_IN_FRAMEWORK_HEADER = YES;
				CLANG_WARN_RANGE_LOOP_ANALYSIS = YES;
				CLANG_WARN_STRICT_PROTOTYPES = YES;
				CLANG_WARN_SUSPICIOUS_MOVE = YES;
				CLANG_WARN_UNGUARDED_AVAILABILITY = YES_AGGRESSIVE;
				CLANG_WARN_UNREACHABLE_CODE = YES;
				CLANG_WARN__DUPLICATE_METHOD_MATCH = YES;
				COPY_PHASE_STRIP = NO;
				DEAD_CODE_STRIPPING = YES;
				DEBUG_INFORMATION_FORMAT = "dwarf-with-dsym";
				DEVELOPMENT_TEAM = 5U7H2X2X96;
				ENABLE_NS_ASSERTIONS = NO;
				ENABLE_STRICT_OBJC_MSGSEND = YES;
				ENABLE_USER_SCRIPT_SANDBOXING = YES;
				GCC_C_LANGUAGE_STANDARD = gnu17;
				GCC_NO_COMMON_BLOCKS = YES;
				GCC_WARN_64_TO_32_BIT_CONVERSION = YES;
				GCC_WARN_ABOUT_RETURN_TYPE = YES_ERROR;
				GCC_WARN_UNDECLARED_SELECTOR = YES;
				GCC_WARN_UNINITIALIZED_AUTOS = YES_AGGRESSIVE;
				GCC_WARN_UNUSED_FUNCTION = YES;
				GCC_WARN_UNUSED_VARIABLE = YES;
				LOCALIZATION_PREFERS_STRING_CATALOGS = YES;
				MACOSX_DEPLOYMENT_TARGET = 15.5;
				MTL_ENABLE_DEBUG_INFO = NO;
				MTL_FAST_MATH = YES;
				SDKROOT = macosx;
				STRING_CATALOG_GENERATE_SYMBOLS = YES;
				SWIFT_COMPILATION_MODE = wholemodule;
				SWIFT_EMIT_LOC_STRINGS = YES;
			};
			name = Release;
		};
		6DC81A552E3236B4005F2E03 /* Debug */ = {
			isa = XCBuildConfiguration;
			buildSettings = {
				ASSETCATALOG_COMPILER_APPICON_NAME = AppIcon;
				ASSETCATALOG_COMPILER_GLOBAL_ACCENT_COLOR_NAME = AccentColor;
				CODE_SIGN_ENTITLEMENTS = Mocolamma/Mocolamma.entitlements;
				"CODE_SIGN_IDENTITY[sdk=macosx*]" = "Apple Development";
				CODE_SIGN_STYLE = Automatic;
				COMBINE_HIDPI_IMAGES = YES;
				CURRENT_PROJECT_VERSION = 577;
				DEAD_CODE_STRIPPING = YES;
				DEVELOPMENT_TEAM = 5U7H2X2X96;
				ENABLE_APP_SANDBOX = YES;
				ENABLE_HARDENED_RUNTIME = YES;
				ENABLE_OUTGOING_NETWORK_CONNECTIONS = YES;
				ENABLE_PREVIEWS = YES;
				ENABLE_USER_SELECTED_FILES = readonly;
				GENERATE_INFOPLIST_FILE = YES;
				INFOPLIST_KEY_NSHumanReadableCopyright = "";
				LD_RUNPATH_SEARCH_PATHS = (
					"$(inherited)",
					"@executable_path/../Frameworks",
				);
				MACOSX_DEPLOYMENT_TARGET = 14.0;
				MARKETING_VERSION = 0.1.0;
				PRODUCT_BUNDLE_IDENTIFIER = design.taikun.Mocolamma;
				PRODUCT_NAME = "$(TARGET_NAME)";
				REGISTER_APP_GROUPS = YES;
				SWIFT_EMIT_LOC_STRINGS = YES;
				SWIFT_VERSION = 5.0;
				VERSIONING_SYSTEM = "apple-generic";
			};
			name = Debug;
		};
		6DC81A562E3236B4005F2E03 /* Release */ = {
			isa = XCBuildConfiguration;
			buildSettings = {
				ASSETCATALOG_COMPILER_APPICON_NAME = AppIcon;
				ASSETCATALOG_COMPILER_GLOBAL_ACCENT_COLOR_NAME = AccentColor;
				CODE_SIGN_ENTITLEMENTS = Mocolamma/Mocolamma.entitlements;
				"CODE_SIGN_IDENTITY[sdk=macosx*]" = "Apple Development";
				CODE_SIGN_STYLE = Automatic;
				COMBINE_HIDPI_IMAGES = YES;
				CURRENT_PROJECT_VERSION = 577;
				DEAD_CODE_STRIPPING = YES;
				DEVELOPMENT_TEAM = 5U7H2X2X96;
				ENABLE_APP_SANDBOX = YES;
				ENABLE_HARDENED_RUNTIME = YES;
				ENABLE_OUTGOING_NETWORK_CONNECTIONS = YES;
				ENABLE_PREVIEWS = YES;
				ENABLE_USER_SELECTED_FILES = readonly;
				GENERATE_INFOPLIST_FILE = YES;
				INFOPLIST_KEY_NSHumanReadableCopyright = "";
				LD_RUNPATH_SEARCH_PATHS = (
					"$(inherited)",
					"@executable_path/../Frameworks",
				);
				MACOSX_DEPLOYMENT_TARGET = 14.0;
				MARKETING_VERSION = 0.1.0;
				PRODUCT_BUNDLE_IDENTIFIER = design.taikun.Mocolamma;
				PRODUCT_NAME = "$(TARGET_NAME)";
				REGISTER_APP_GROUPS = YES;
				SWIFT_EMIT_LOC_STRINGS = YES;
				SWIFT_VERSION = 5.0;
				VERSIONING_SYSTEM = "apple-generic";
			};
			name = Release;
		};
		6DC81A582E3236B4005F2E03 /* Debug */ = {
			isa = XCBuildConfiguration;
			buildSettings = {
				BUNDLE_LOADER = "$(TEST_HOST)";
				CODE_SIGN_STYLE = Automatic;
				CURRENT_PROJECT_VERSION = 577;
				DEAD_CODE_STRIPPING = YES;
				DEVELOPMENT_TEAM = 5U7H2X2X96;
				GENERATE_INFOPLIST_FILE = YES;
				MACOSX_DEPLOYMENT_TARGET = 15.5;
				MARKETING_VERSION = 1.0;
				PRODUCT_BUNDLE_IDENTIFIER = design.taikun.MocolammaTests;
				PRODUCT_NAME = "$(TARGET_NAME)";
				SWIFT_EMIT_LOC_STRINGS = NO;
				SWIFT_VERSION = 5.0;
				TEST_HOST = "$(BUILT_PRODUCTS_DIR)/Mocolamma.app/$(BUNDLE_EXECUTABLE_FOLDER_PATH)/Mocolamma";
			};
			name = Debug;
		};
		6DC81A592E3236B4005F2E03 /* Release */ = {
			isa = XCBuildConfiguration;
			buildSettings = {
				BUNDLE_LOADER = "$(TEST_HOST)";
				CODE_SIGN_STYLE = Automatic;
				CURRENT_PROJECT_VERSION = 577;
				DEAD_CODE_STRIPPING = YES;
				DEVELOPMENT_TEAM = 5U7H2X2X96;
				GENERATE_INFOPLIST_FILE = YES;
				MACOSX_DEPLOYMENT_TARGET = 15.5;
				MARKETING_VERSION = 1.0;
				PRODUCT_BUNDLE_IDENTIFIER = design.taikun.MocolammaTests;
				PRODUCT_NAME = "$(TARGET_NAME)";
				SWIFT_EMIT_LOC_STRINGS = NO;
				SWIFT_VERSION = 5.0;
				TEST_HOST = "$(BUILT_PRODUCTS_DIR)/Mocolamma.app/$(BUNDLE_EXECUTABLE_FOLDER_PATH)/Mocolamma";
			};
			name = Release;
		};
		6DC81A5B2E3236B4005F2E03 /* Debug */ = {
			isa = XCBuildConfiguration;
			buildSettings = {
				CODE_SIGN_STYLE = Automatic;
				CURRENT_PROJECT_VERSION = 577;
				DEAD_CODE_STRIPPING = YES;
				DEVELOPMENT_TEAM = 5U7H2X2X96;
				GENERATE_INFOPLIST_FILE = YES;
				MARKETING_VERSION = 1.0;
				PRODUCT_BUNDLE_IDENTIFIER = design.taikun.MocolammaUITests;
				PRODUCT_NAME = "$(TARGET_NAME)";
				SWIFT_EMIT_LOC_STRINGS = NO;
				SWIFT_VERSION = 5.0;
				TEST_TARGET_NAME = Mocolamma;
			};
			name = Debug;
		};
		6DC81A5C2E3236B4005F2E03 /* Release */ = {
			isa = XCBuildConfiguration;
			buildSettings = {
				CODE_SIGN_STYLE = Automatic;
				CURRENT_PROJECT_VERSION = 577;
				DEAD_CODE_STRIPPING = YES;
				DEVELOPMENT_TEAM = 5U7H2X2X96;
				GENERATE_INFOPLIST_FILE = YES;
				MARKETING_VERSION = 1.0;
				PRODUCT_BUNDLE_IDENTIFIER = design.taikun.MocolammaUITests;
				PRODUCT_NAME = "$(TARGET_NAME)";
				SWIFT_EMIT_LOC_STRINGS = NO;
				SWIFT_VERSION = 5.0;
				TEST_TARGET_NAME = Mocolamma;
			};
			name = Release;
		};
/* End XCBuildConfiguration section */

/* Begin XCConfigurationList section */
		6DC81A2D2E3236B3005F2E03 /* Build configuration list for PBXProject "Mocolamma" */ = {
			isa = XCConfigurationList;
			buildConfigurations = (
				6DC81A522E3236B4005F2E03 /* Debug */,
				6DC81A532E3236B4005F2E03 /* Release */,
			);
			defaultConfigurationIsVisible = 0;
			defaultConfigurationName = Release;
		};
		6DC81A542E3236B4005F2E03 /* Build configuration list for PBXNativeTarget "Mocolamma" */ = {
			isa = XCConfigurationList;
			buildConfigurations = (
				6DC81A552E3236B4005F2E03 /* Debug */,
				6DC81A562E3236B4005F2E03 /* Release */,
			);
			defaultConfigurationIsVisible = 0;
			defaultConfigurationName = Release;
		};
		6DC81A572E3236B4005F2E03 /* Build configuration list for PBXNativeTarget "MocolammaTests" */ = {
			isa = XCConfigurationList;
			buildConfigurations = (
				6DC81A582E3236B4005F2E03 /* Debug */,
				6DC81A592E3236B4005F2E03 /* Release */,
			);
			defaultConfigurationIsVisible = 0;
			defaultConfigurationName = Release;
		};
		6DC81A5A2E3236B4005F2E03 /* Build configuration list for PBXNativeTarget "MocolammaUITests" */ = {
			isa = XCConfigurationList;
			buildConfigurations = (
				6DC81A5B2E3236B4005F2E03 /* Debug */,
				6DC81A5C2E3236B4005F2E03 /* Release */,
			);
			defaultConfigurationIsVisible = 0;
			defaultConfigurationName = Release;
		};
/* End XCConfigurationList section */

/* Begin XCRemoteSwiftPackageReference section */
		6D6AF25B2E37C253008E569D /* XCRemoteSwiftPackageReference "swift-markdown-ui" */ = {
			isa = XCRemoteSwiftPackageReference;
			repositoryURL = "https://github.com/gonzalezreal/swift-markdown-ui";
			requirement = {
				kind = exactVersion;
				version = 2.4.1;
			};
		};
/* End XCRemoteSwiftPackageReference section */

/* Begin XCSwiftPackageProductDependency section */
		6D6AF25C2E37C253008E569D /* MarkdownUI */ = {
			isa = XCSwiftPackageProductDependency;
			package = 6D6AF25B2E37C253008E569D /* XCRemoteSwiftPackageReference "swift-markdown-ui" */;
			productName = MarkdownUI;
		};
/* End XCSwiftPackageProductDependency section */
	};
	rootObject = 6DC81A2A2E3236B3005F2E03 /* Project object */;
}
